
Microsoft Visual Studio Solution File, Format Version 12.00
# Visual Studio Version 17
VisualStudioVersion = 17.12.35209.166
MinimumVisualStudioVersion = 10.0.40219.1
Project("{FAE04EC0-301F-11D3-BF4B-00C04F79EFBC}") = "NgoerahSun", "NgoerahSun\NgoerahSun.csproj", "{CC94B291-00D5-4FF0-BA84-B63FB1F74ADF}"
EndProject
Global
	GlobalSection(SolutionConfigurationPlatforms) = preSolution
		Debug|Any CPU = Debug|Any CPU
		Release|Any CPU = Release|Any CPU
	EndGlobalSection
	GlobalSection(ProjectConfigurationPlatforms) = postSolution
		{CC94B291-00D5-4FF0-BA84-B63FB1F74ADF}.Debug|Any CPU.ActiveCfg = Debug|Any CPU
		{CC94B291-00D5-4FF0-BA84-B63FB1F74ADF}.Debug|Any CPU.Build.0 = Debug|Any CPU
		{CC94B291-00D5-4FF0-BA84-B63FB1F74ADF}.Release|Any CPU.ActiveCfg = Release|Any CPU
		{CC94B291-00D5-4FF0-BA84-B63FB1F74ADF}.Release|Any CPU.Build.0 = Release|Any CPU
	EndGlobalSection
	GlobalSection(SolutionProperties) = preSolution
		HideSolutionNode = FALSE
	EndGlobalSection
	GlobalSection(ExtensibilityGlobals) = postSolution
		SolutionGuid = {51477453-3F4F-44E0-AC94-BAC0A7EC37B1}
	EndGlobalSection
EndGlobal
